
Microsoft Visual Studio Solution File, Format Version 12.00
# Visual Studio 15
VisualStudioVersion = 15.0.27130.2003
MinimumVisualStudioVersion = 10.0.40219.1
Project("{8BC9CEB8-8B4A-11D0-8D11-00A0C91BC942}") = "SEDCoursework4", "SEDCoursework4\SEDCoursework4.vcxproj", "{233CD7EC-D6AE-46CE-ABD5-4C61423F9F87}"
EndProject
Global
	GlobalSection(SolutionConfigurationPlatforms) = preSolution
		Debug|x64 = Debug|x64
		Debug|x86 = Debug|x86
		Release|x64 = Release|x64
		Release|x86 = Release|x86
	EndGlobalSection
	GlobalSection(ProjectConfigurationPlatforms) = postSolution
		{233CD7EC-D6AE-46CE-ABD5-4C61423F9F87}.Debug|x64.ActiveCfg = Debug|x64
		{233CD7EC-D6AE-46CE-ABD5-4C61423F9F87}.Debug|x64.Build.0 = Debug|x64
		{233CD7EC-D6AE-46CE-ABD5-4C61423F9F87}.Debug|x86.ActiveCfg = Debug|Win32
		{233CD7EC-D6AE-46CE-ABD5-4C61423F9F87}.Debug|x86.Build.0 = Debug|Win32
		{233CD7EC-D6AE-46CE-ABD5-4C61423F9F87}.Release|x64.ActiveCfg = Release|x64
		{233CD7EC-D6AE-46CE-ABD5-4C61423F9F87}.Release|x64.Build.0 = Release|x64
		{233CD7EC-D6AE-46CE-ABD5-4C61423F9F87}.Release|x86.ActiveCfg = Release|Win32
		{233CD7EC-D6AE-46CE-ABD5-4C61423F9F87}.Release|x86.Build.0 = Release|Win32
	EndGlobalSection
	GlobalSection(SolutionProperties) = preSolution
		HideSolutionNode = FALSE
	EndGlobalSection
	GlobalSection(ExtensibilityGlobals) = postSolution
		SolutionGuid = {4A3AE5C4-778A-4368-AF5E-78031BF5BBD9}
	EndGlobalSection
EndGlobal
